
Microsoft Visual Studio Solution File, Format Version 12.00
# Visual Studio Version 17
VisualStudioVersion = 17.8.34330.188
MinimumVisualStudioVersion = 10.0.40219.1
Project("{9A19103F-16F7-4668-BE54-9A1E7A4F7556}") = "ASP.NET_Task7", "ASP.NET_Task7\ASP.NET_Task7.csproj", "{25AF47B3-728F-44A1-8906-44FCB1C4FE7A}"
EndProject
Project("{FAE04EC0-301F-11D3-BF4B-00C04F79EFBC}") = "MessageBrokerConsumer", "MessageBrokerConsumer\MessageBrokerConsumer.csproj", "{25190589-8ECF-421B-B461-A5296407A5E3}"
EndProject
Global
	GlobalSection(SolutionConfigurationPlatforms) = preSolution
		Debug|Any CPU = Debug|Any CPU
		Release|Any CPU = Release|Any CPU
	EndGlobalSection
	GlobalSection(ProjectConfigurationPlatforms) = postSolution
		{25AF47B3-728F-44A1-8906-44FCB1C4FE7A}.Debug|Any CPU.ActiveCfg = Debug|Any CPU
		{25AF47B3-728F-44A1-8906-44FCB1C4FE7A}.Debug|Any CPU.Build.0 = Debug|Any CPU
		{25AF47B3-728F-44A1-8906-44FCB1C4FE7A}.Release|Any CPU.ActiveCfg = Release|Any CPU
		{25AF47B3-728F-44A1-8906-44FCB1C4FE7A}.Release|Any CPU.Build.0 = Release|Any CPU
		{25190589-8ECF-421B-B461-A5296407A5E3}.Debug|Any CPU.ActiveCfg = Debug|Any CPU
		{25190589-8ECF-421B-B461-A5296407A5E3}.Debug|Any CPU.Build.0 = Debug|Any CPU
		{25190589-8ECF-421B-B461-A5296407A5E3}.Release|Any CPU.ActiveCfg = Release|Any CPU
		{25190589-8ECF-421B-B461-A5296407A5E3}.Release|Any CPU.Build.0 = Release|Any CPU
	EndGlobalSection
	GlobalSection(SolutionProperties) = preSolution
		HideSolutionNode = FALSE
	EndGlobalSection
	GlobalSection(ExtensibilityGlobals) = postSolution
		SolutionGuid = {C5472930-9179-4B97-8D56-7680001C4D77}
	EndGlobalSection
EndGlobal
